
Microsoft Visual Studio Solution File, Format Version 12.00
# Visual Studio Version 17
VisualStudioVersion = 17.8.34322.80
MinimumVisualStudioVersion = 10.0.40219.1
Project("{FAE04EC0-301F-11D3-BF4B-00C04F79EFBC}") = "ConsoleApp1", "ConsoleApp1\ConsoleApp1.csproj", "{355BF364-8C2B-4DC1-BD6B-720250C4401D}"
EndProject
Global
	GlobalSection(SolutionConfigurationPlatforms) = preSolution
		Debug|Any CPU = Debug|Any CPU
		Release|Any CPU = Release|Any CPU
	EndGlobalSection
	GlobalSection(ProjectConfigurationPlatforms) = postSolution
		{355BF364-8C2B-4DC1-BD6B-720250C4401D}.Debug|Any CPU.ActiveCfg = Debug|Any CPU
		{355BF364-8C2B-4DC1-BD6B-720250C4401D}.Debug|Any CPU.Build.0 = Debug|Any CPU
		{355BF364-8C2B-4DC1-BD6B-720250C4401D}.Release|Any CPU.ActiveCfg = Release|Any CPU
		{355BF364-8C2B-4DC1-BD6B-720250C4401D}.Release|Any CPU.Build.0 = Release|Any CPU
	EndGlobalSection
	GlobalSection(SolutionProperties) = preSolution
		HideSolutionNode = FALSE
	EndGlobalSection
	GlobalSection(ExtensibilityGlobals) = postSolution
		SolutionGuid = {EA127300-0576-44F0-A892-92140303F28F}
	EndGlobalSection
EndGlobal
